// !$*UTF8*$!
{
	archiveVersion = 1;
	classes = {
	};
	objectVersion = 56;
	objects = {

/* Begin PBXBuildFile section */
		BB0EFAA62A322614009DA542 /* AppDelegate.swift in Sources */ = {isa = PBXBuildFile; fileRef = BB0EFAA52A322614009DA542 /* AppDelegate.swift */; };
		BB0EFAA82A322614009DA542 /* SceneDelegate.swift in Sources */ = {isa = PBXBuildFile; fileRef = BB0EFAA72A322614009DA542 /* SceneDelegate.swift */; };
		BB0EFAAA2A322614009DA542 /* HomeController.swift in Sources */ = {isa = PBXBuildFile; fileRef = BB0EFAA92A322614009DA542 /* HomeController.swift */; };
		BB0EFAAF2A322615009DA542 /* Assets.xcassets in Resources */ = {isa = PBXBuildFile; fileRef = BB0EFAAE2A322615009DA542 /* Assets.xcassets */; };
		BB0EFAB22A322615009DA542 /* LaunchScreen.storyboard in Resources */ = {isa = PBXBuildFile; fileRef = BB0EFAB02A322615009DA542 /* LaunchScreen.storyboard */; };
		BB0EFADA2A32A3F7009DA542 /* HomeView.swift in Sources */ = {isa = PBXBuildFile; fileRef = BB0EFAD92A32A3F7009DA542 /* HomeView.swift */; };
		BB0EFADD2A32A464009DA542 /* ViewCode.swift in Sources */ = {isa = PBXBuildFile; fileRef = BB0EFADC2A32A464009DA542 /* ViewCode.swift */; };
		BB0EFADF2A32A9D0009DA542 /* Protocols.swift in Sources */ = {isa = PBXBuildFile; fileRef = BB0EFADE2A32A9D0009DA542 /* Protocols.swift */; };
		BB0EFAE12A32AA76009DA542 /* GameController.swift in Sources */ = {isa = PBXBuildFile; fileRef = BB0EFAE02A32AA76009DA542 /* GameController.swift */; };
		BB0EFB222A32B16D009DA542 /* GameView.swift in Sources */ = {isa = PBXBuildFile; fileRef = BB0EFB212A32B16D009DA542 /* GameView.swift */; };
		BB0EFB262A32B45E009DA542 /* GameTableView.swift in Sources */ = {isa = PBXBuildFile; fileRef = BB0EFB252A32B45E009DA542 /* GameTableView.swift */; };
		BB0EFB292A32B51D009DA542 /* GameTableViewCell.swift in Sources */ = {isa = PBXBuildFile; fileRef = BB0EFB282A32B51D009DA542 /* GameTableViewCell.swift */; };
		BB0EFB2B2A32BE17009DA542 /* GameButtons.swift in Sources */ = {isa = PBXBuildFile; fileRef = BB0EFB2A2A32BE17009DA542 /* GameButtons.swift */; };
		BB0EFB2D2A32E282009DA542 /* ResultController.swift in Sources */ = {isa = PBXBuildFile; fileRef = BB0EFB2C2A32E282009DA542 /* ResultController.swift */; };
		BB0EFB2F2A32E2E7009DA542 /* ResultView.swift in Sources */ = {isa = PBXBuildFile; fileRef = BB0EFB2E2A32E2E7009DA542 /* ResultView.swift */; };
/* End PBXBuildFile section */

/* Begin PBXFileReference section */
		BB0EFAA22A322614009DA542 /* teste-case-labyrinth-game.app */ = {isa = PBXFileReference; explicitFileType = wrapper.application; includeInIndex = 0; path = "teste-case-labyrinth-game.app"; sourceTree = BUILT_PRODUCTS_DIR; };
		BB0EFAA52A322614009DA542 /* AppDelegate.swift */ = {isa = PBXFileReference; lastKnownFileType = sourcecode.swift; path = AppDelegate.swift; sourceTree = "<group>"; };
		BB0EFAA72A322614009DA542 /* SceneDelegate.swift */ = {isa = PBXFileReference; lastKnownFileType = sourcecode.swift; path = SceneDelegate.swift; sourceTree = "<group>"; };
		BB0EFAA92A322614009DA542 /* HomeController.swift */ = {isa = PBXFileReference; lastKnownFileType = sourcecode.swift; path = HomeController.swift; sourceTree = "<group>"; };
		BB0EFAAE2A322615009DA542 /* Assets.xcassets */ = {isa = PBXFileReference; lastKnownFileType = folder.assetcatalog; path = Assets.xcassets; sourceTree = "<group>"; };
		BB0EFAB12A322615009DA542 /* Base */ = {isa = PBXFileReference; lastKnownFileType = file.storyboard; name = Base; path = Base.lproj/LaunchScreen.storyboard; sourceTree = "<group>"; };
		BB0EFAB32A322615009DA542 /* Info.plist */ = {isa = PBXFileReference; lastKnownFileType = text.plist.xml; path = Info.plist; sourceTree = "<group>"; };
		BB0EFAD92A32A3F7009DA542 /* HomeView.swift */ = {isa = PBXFileReference; lastKnownFileType = sourcecode.swift; path = HomeView.swift; sourceTree = "<group>"; };
		BB0EFADC2A32A464009DA542 /* ViewCode.swift */ = {isa = PBXFileReference; lastKnownFileType = sourcecode.swift; path = ViewCode.swift; sourceTree = "<group>"; };
		BB0EFADE2A32A9D0009DA542 /* Protocols.swift */ = {isa = PBXFileReference; lastKnownFileType = sourcecode.swift; path = Protocols.swift; sourceTree = "<group>"; };
		BB0EFAE02A32AA76009DA542 /* GameController.swift */ = {isa = PBXFileReference; lastKnownFileType = sourcecode.swift; path = GameController.swift; sourceTree = "<group>"; };
		BB0EFB212A32B16D009DA542 /* GameView.swift */ = {isa = PBXFileReference; lastKnownFileType = sourcecode.swift; path = GameView.swift; sourceTree = "<group>"; };
		BB0EFB252A32B45E009DA542 /* GameTableView.swift */ = {isa = PBXFileReference; lastKnownFileType = sourcecode.swift; path = GameTableView.swift; sourceTree = "<group>"; };
		BB0EFB282A32B51D009DA542 /* GameTableViewCell.swift */ = {isa = PBXFileReference; lastKnownFileType = sourcecode.swift; path = GameTableViewCell.swift; sourceTree = "<group>"; };
		BB0EFB2A2A32BE17009DA542 /* GameButtons.swift */ = {isa = PBXFileReference; lastKnownFileType = sourcecode.swift; path = GameButtons.swift; sourceTree = "<group>"; };
		BB0EFB2C2A32E282009DA542 /* ResultController.swift */ = {isa = PBXFileReference; lastKnownFileType = sourcecode.swift; path = ResultController.swift; sourceTree = "<group>"; };
		BB0EFB2E2A32E2E7009DA542 /* ResultView.swift */ = {isa = PBXFileReference; lastKnownFileType = sourcecode.swift; path = ResultView.swift; sourceTree = "<group>"; };
/* End PBXFileReference section */

/* Begin PBXFrameworksBuildPhase section */
		BB0EFA9F2A322614009DA542 /* Frameworks */ = {
			isa = PBXFrameworksBuildPhase;
			buildActionMask = 2147483647;
			files = (
			);
			runOnlyForDeploymentPostprocessing = 0;
		};
/* End PBXFrameworksBuildPhase section */

/* Begin PBXGroup section */
		BB0EFA992A322614009DA542 = {
			isa = PBXGroup;
			children = (
				BB0EFAA42A322614009DA542 /* teste-case-labyrinth-game */,
				BB0EFAA32A322614009DA542 /* Products */,
			);
			sourceTree = "<group>";
		};
		BB0EFAA32A322614009DA542 /* Products */ = {
			isa = PBXGroup;
			children = (
				BB0EFAA22A322614009DA542 /* teste-case-labyrinth-game.app */,
			);
			name = Products;
			sourceTree = "<group>";
		};
		BB0EFAA42A322614009DA542 /* teste-case-labyrinth-game */ = {
			isa = PBXGroup;
			children = (
				BB0EFADB2A32A44C009DA542 /* Utils */,
				BB0EFAD62A32A3B0009DA542 /* View */,
				BB0EFAD52A32A3A9009DA542 /* Controller */,
				BB0EFB232A32B3E0009DA542 /* Supporting */,
				BB0EFAB32A322615009DA542 /* Info.plist */,
			);
			path = "teste-case-labyrinth-game";
			sourceTree = "<group>";
		};
		BB0EFAD52A32A3A9009DA542 /* Controller */ = {
			isa = PBXGroup;
			children = (
				BB0EFAA92A322614009DA542 /* HomeController.swift */,
				BB0EFAE02A32AA76009DA542 /* GameController.swift */,
				BB0EFB2C2A32E282009DA542 /* ResultController.swift */,
			);
			path = Controller;
			sourceTree = "<group>";
		};
		BB0EFAD62A32A3B0009DA542 /* View */ = {
			isa = PBXGroup;
			children = (
				BB0EFAD92A32A3F7009DA542 /* HomeView.swift */,
				BB0EFB2E2A32E2E7009DA542 /* ResultView.swift */,
				BB0EFB202A32B160009DA542 /* Game */,
			);
			path = View;
			sourceTree = "<group>";
		};
		BB0EFADB2A32A44C009DA542 /* Utils */ = {
			isa = PBXGroup;
			children = (
				BB0EFADC2A32A464009DA542 /* ViewCode.swift */,
				BB0EFADE2A32A9D0009DA542 /* Protocols.swift */,
			);
			path = Utils;
			sourceTree = "<group>";
		};
		BB0EFB202A32B160009DA542 /* Game */ = {
			isa = PBXGroup;
			children = (
				BB0EFB212A32B16D009DA542 /* GameView.swift */,
				BB0EFB242A32B447009DA542 /* Views */,
			);
			path = Game;
			sourceTree = "<group>";
		};
		BB0EFB232A32B3E0009DA542 /* Supporting */ = {
			isa = PBXGroup;
			children = (
				BB0EFAA52A322614009DA542 /* AppDelegate.swift */,
				BB0EFAA72A322614009DA542 /* SceneDelegate.swift */,
				BB0EFAAE2A322615009DA542 /* Assets.xcassets */,
				BB0EFAB02A322615009DA542 /* LaunchScreen.storyboard */,
			);
			path = Supporting;
			sourceTree = "<group>";
		};
		BB0EFB242A32B447009DA542 /* Views */ = {
			isa = PBXGroup;
			children = (
				BB0EFB272A32B493009DA542 /* Cells */,
				BB0EFB252A32B45E009DA542 /* GameTableView.swift */,
				BB0EFB2A2A32BE17009DA542 /* GameButtons.swift */,
			);
			path = Views;
			sourceTree = "<group>";
		};
		BB0EFB272A32B493009DA542 /* Cells */ = {
			isa = PBXGroup;
			children = (
				BB0EFB282A32B51D009DA542 /* GameTableViewCell.swift */,
			);
			path = Cells;
			sourceTree = "<group>";
		};
/* End PBXGroup section */

/* Begin PBXNativeTarget section */
		BB0EFAA12A322614009DA542 /* teste-case-labyrinth-game */ = {
			isa = PBXNativeTarget;
			buildConfigurationList = BB0EFACC2A322615009DA542 /* Build configuration list for PBXNativeTarget "teste-case-labyrinth-game" */;
			buildPhases = (
				BB0EFA9E2A322614009DA542 /* Sources */,
				BB0EFA9F2A322614009DA542 /* Frameworks */,
				BB0EFAA02A322614009DA542 /* Resources */,
			);
			buildRules = (
			);
			dependencies = (
			);
			name = "teste-case-labyrinth-game";
			productName = "teste-case-labyrinth-game";
			productReference = BB0EFAA22A322614009DA542 /* teste-case-labyrinth-game.app */;
			productType = "com.apple.product-type.application";
		};
/* End PBXNativeTarget section */

/* Begin PBXProject section */
		BB0EFA9A2A322614009DA542 /* Project object */ = {
			isa = PBXProject;
			attributes = {
				BuildIndependentTargetsInParallel = 1;
				LastSwiftUpdateCheck = 1430;
				LastUpgradeCheck = 1430;
				TargetAttributes = {
					BB0EFAA12A322614009DA542 = {
						CreatedOnToolsVersion = 14.3;
					};
				};
			};
			buildConfigurationList = BB0EFA9D2A322614009DA542 /* Build configuration list for PBXProject "teste-case-labyrinth-game" */;
			compatibilityVersion = "Xcode 14.0";
			developmentRegion = en;
			hasScannedForEncodings = 0;
			knownRegions = (
				en,
				Base,
			);
			mainGroup = BB0EFA992A322614009DA542;
			productRefGroup = BB0EFAA32A322614009DA542 /* Products */;
			projectDirPath = "";
			projectRoot = "";
			targets = (
				BB0EFAA12A322614009DA542 /* teste-case-labyrinth-game */,
			);
		};
/* End PBXProject section */

/* Begin PBXResourcesBuildPhase section */
		BB0EFAA02A322614009DA542 /* Resources */ = {
			isa = PBXResourcesBuildPhase;
			buildActionMask = 2147483647;
			files = (
				BB0EFAB22A322615009DA542 /* LaunchScreen.storyboard in Resources */,
				BB0EFAAF2A322615009DA542 /* Assets.xcassets in Resources */,
			);
			runOnlyForDeploymentPostprocessing = 0;
		};
/* End PBXResourcesBuildPhase section */

/* Begin PBXSourcesBuildPhase section */
		BB0EFA9E2A322614009DA542 /* Sources */ = {
			isa = PBXSourcesBuildPhase;
			buildActionMask = 2147483647;
			files = (
				BB0EFAAA2A322614009DA542 /* HomeController.swift in Sources */,
				BB0EFADD2A32A464009DA542 /* ViewCode.swift in Sources */,
				BB0EFADA2A32A3F7009DA542 /* HomeView.swift in Sources */,
				BB0EFADF2A32A9D0009DA542 /* Protocols.swift in Sources */,
				BB0EFAA62A322614009DA542 /* AppDelegate.swift in Sources */,
				BB0EFB292A32B51D009DA542 /* GameTableViewCell.swift in Sources */,
				BB0EFAA82A322614009DA542 /* SceneDelegate.swift in Sources */,
				BB0EFB222A32B16D009DA542 /* GameView.swift in Sources */,
				BB0EFB2D2A32E282009DA542 /* ResultController.swift in Sources */,
				BB0EFB2B2A32BE17009DA542 /* GameButtons.swift in Sources */,
				BB0EFB2F2A32E2E7009DA542 /* ResultView.swift in Sources */,
				BB0EFAE12A32AA76009DA542 /* GameController.swift in Sources */,
				BB0EFB262A32B45E009DA542 /* GameTableView.swift in Sources */,
			);
			runOnlyForDeploymentPostprocessing = 0;
		};
/* End PBXSourcesBuildPhase section */

/* Begin PBXVariantGroup section */
		BB0EFAB02A322615009DA542 /* LaunchScreen.storyboard */ = {
			isa = PBXVariantGroup;
			children = (
				BB0EFAB12A322615009DA542 /* Base */,
			);
			name = LaunchScreen.storyboard;
			sourceTree = "<group>";
		};
/* End PBXVariantGroup section */

/* Begin XCBuildConfiguration section */
		BB0EFACA2A322615009DA542 /* Debug */ = {
			isa = XCBuildConfiguration;
			buildSettings = {
				ALWAYS_SEARCH_USER_PATHS = NO;
				CLANG_ANALYZER_NONNULL = YES;
				CLANG_ANALYZER_NUMBER_OBJECT_CONVERSION = YES_AGGRESSIVE;
				CLANG_CXX_LANGUAGE_STANDARD = "gnu++20";
				CLANG_ENABLE_MODULES = YES;
				CLANG_ENABLE_OBJC_ARC = YES;
				CLANG_ENABLE_OBJC_WEAK = YES;
				CLANG_WARN_BLOCK_CAPTURE_AUTORELEASING = YES;
				CLANG_WARN_BOOL_CONVERSION = YES;
				CLANG_WARN_COMMA = YES;
				CLANG_WARN_CONSTANT_CONVERSION = YES;
				CLANG_WARN_DEPRECATED_OBJC_IMPLEMENTATIONS = YES;
				CLANG_WARN_DIRECT_OBJC_ISA_USAGE = YES_ERROR;
				CLANG_WARN_DOCUMENTATION_COMMENTS = YES;
				CLANG_WARN_EMPTY_BODY = YES;
				CLANG_WARN_ENUM_CONVERSION = YES;
				CLANG_WARN_INFINITE_RECURSION = YES;
				CLANG_WARN_INT_CONVERSION = YES;
				CLANG_WARN_NON_LITERAL_NULL_CONVERSION = YES;
				CLANG_WARN_OBJC_IMPLICIT_RETAIN_SELF = YES;
				CLANG_WARN_OBJC_LITERAL_CONVERSION = YES;
				CLANG_WARN_OBJC_ROOT_CLASS = YES_ERROR;
				CLANG_WARN_QUOTED_INCLUDE_IN_FRAMEWORK_HEADER = YES;
				CLANG_WARN_RANGE_LOOP_ANALYSIS = YES;
				CLANG_WARN_STRICT_PROTOTYPES = YES;
				CLANG_WARN_SUSPICIOUS_MOVE = YES;
				CLANG_WARN_UNGUARDED_AVAILABILITY = YES_AGGRESSIVE;
				CLANG_WARN_UNREACHABLE_CODE = YES;
				CLANG_WARN__DUPLICATE_METHOD_MATCH = YES;
				COPY_PHASE_STRIP = NO;
				DEBUG_INFORMATION_FORMAT = dwarf;
				ENABLE_STRICT_OBJC_MSGSEND = YES;
				ENABLE_TESTABILITY = YES;
				GCC_C_LANGUAGE_STANDARD = gnu11;
				GCC_DYNAMIC_NO_PIC = NO;
				GCC_NO_COMMON_BLOCKS = YES;
				GCC_OPTIMIZATION_LEVEL = 0;
				GCC_PREPROCESSOR_DEFINITIONS = (
					"DEBUG=1",
					"$(inherited)",
				);
				GCC_WARN_64_TO_32_BIT_CONVERSION = YES;
				GCC_WARN_ABOUT_RETURN_TYPE = YES_ERROR;
				GCC_WARN_UNDECLARED_SELECTOR = YES;
				GCC_WARN_UNINITIALIZED_AUTOS = YES_AGGRESSIVE;
				GCC_WARN_UNUSED_FUNCTION = YES;
				GCC_WARN_UNUSED_VARIABLE = YES;
				IPHONEOS_DEPLOYMENT_TARGET = 16.4;
				MTL_ENABLE_DEBUG_INFO = INCLUDE_SOURCE;
				MTL_FAST_MATH = YES;
				ONLY_ACTIVE_ARCH = YES;
				SDKROOT = iphoneos;
				SWIFT_ACTIVE_COMPILATION_CONDITIONS = DEBUG;
				SWIFT_OPTIMIZATION_LEVEL = "-Onone";
			};
			name = Debug;
		};
		BB0EFACB2A322615009DA542 /* Release */ = {
			isa = XCBuildConfiguration;
			buildSettings = {
				ALWAYS_SEARCH_USER_PATHS = NO;
				CLANG_ANALYZER_NONNULL = YES;
				CLANG_ANALYZER_NUMBER_OBJECT_CONVERSION = YES_AGGRESSIVE;
				CLANG_CXX_LANGUAGE_STANDARD = "gnu++20";
				CLANG_ENABLE_MODULES = YES;
				CLANG_ENABLE_OBJC_ARC = YES;
				CLANG_ENABLE_OBJC_WEAK = YES;
				CLANG_WARN_BLOCK_CAPTURE_AUTORELEASING = YES;
				CLANG_WARN_BOOL_CONVERSION = YES;
				CLANG_WARN_COMMA = YES;
				CLANG_WARN_CONSTANT_CONVERSION = YES;
				CLANG_WARN_DEPRECATED_OBJC_IMPLEMENTATIONS = YES;
				CLANG_WARN_DIRECT_OBJC_ISA_USAGE = YES_ERROR;
				CLANG_WARN_DOCUMENTATION_COMMENTS = YES;
				CLANG_WARN_EMPTY_BODY = YES;
				CLANG_WARN_ENUM_CONVERSION = YES;
				CLANG_WARN_INFINITE_RECURSION = YES;
				CLANG_WARN_INT_CONVERSION = YES;
				CLANG_WARN_NON_LITERAL_NULL_CONVERSION = YES;
				CLANG_WARN_OBJC_IMPLICIT_RETAIN_SELF = YES;
				CLANG_WARN_OBJC_LITERAL_CONVERSION = YES;
				CLANG_WARN_OBJC_ROOT_CLASS = YES_ERROR;
				CLANG_WARN_QUOTED_INCLUDE_IN_FRAMEWORK_HEADER = YES;
				CLANG_WARN_RANGE_LOOP_ANALYSIS = YES;
				CLANG_WARN_STRICT_PROTOTYPES = YES;
				CLANG_WARN_SUSPICIOUS_MOVE = YES;
				CLANG_WARN_UNGUARDED_AVAILABILITY = YES_AGGRESSIVE;
				CLANG_WARN_UNREACHABLE_CODE = YES;
				CLANG_WARN__DUPLICATE_METHOD_MATCH = YES;
				COPY_PHASE_STRIP = NO;
				DEBUG_INFORMATION_FORMAT = "dwarf-with-dsym";
				ENABLE_NS_ASSERTIONS = NO;
				ENABLE_STRICT_OBJC_MSGSEND = YES;
				GCC_C_LANGUAGE_STANDARD = gnu11;
				GCC_NO_COMMON_BLOCKS = YES;
				GCC_WARN_64_TO_32_BIT_CONVERSION = YES;
				GCC_WARN_ABOUT_RETURN_TYPE = YES_ERROR;
				GCC_WARN_UNDECLARED_SELECTOR = YES;
				GCC_WARN_UNINITIALIZED_AUTOS = YES_AGGRESSIVE;
				GCC_WARN_UNUSED_FUNCTION = YES;
				GCC_WARN_UNUSED_VARIABLE = YES;
				IPHONEOS_DEPLOYMENT_TARGET = 16.4;
				MTL_ENABLE_DEBUG_INFO = NO;
				MTL_FAST_MATH = YES;
				SDKROOT = iphoneos;
				SWIFT_COMPILATION_MODE = wholemodule;
				SWIFT_OPTIMIZATION_LEVEL = "-O";
				VALIDATE_PRODUCT = YES;
			};
			name = Release;
		};
		BB0EFACD2A322615009DA542 /* Debug */ = {
			isa = XCBuildConfiguration;
			buildSettings = {
				ASSETCATALOG_COMPILER_APPICON_NAME = AppIcon;
				ASSETCATALOG_COMPILER_GLOBAL_ACCENT_COLOR_NAME = AccentColor;
				CODE_SIGN_STYLE = Automatic;
				CURRENT_PROJECT_VERSION = 1;
				DEVELOPMENT_TEAM = UFS93RKF34;
				GENERATE_INFOPLIST_FILE = YES;
				INFOPLIST_FILE = "teste-case-labyrinth-game/Info.plist";
				INFOPLIST_KEY_UIApplicationSupportsIndirectInputEvents = YES;
				INFOPLIST_KEY_UILaunchStoryboardName = LaunchScreen;
				INFOPLIST_KEY_UISupportedInterfaceOrientations_iPad = "UIInterfaceOrientationPortrait UIInterfaceOrientationPortraitUpsideDown UIInterfaceOrientationLandscapeLeft UIInterfaceOrientationLandscapeRight";
				INFOPLIST_KEY_UISupportedInterfaceOrientations_iPhone = "UIInterfaceOrientationPortrait UIInterfaceOrientationLandscapeLeft UIInterfaceOrientationLandscapeRight";
				LD_RUNPATH_SEARCH_PATHS = (
					"$(inherited)",
					"@executable_path/Frameworks",
				);
				MARKETING_VERSION = 1.0;
				PRODUCT_BUNDLE_IDENTIFIER = "com.phsouza.teste-case-labyrinth-game";
				PRODUCT_NAME = "$(TARGET_NAME)";
				SWIFT_EMIT_LOC_STRINGS = YES;
				SWIFT_VERSION = 5.0;
				TARGETED_DEVICE_FAMILY = "1,2";
			};
			name = Debug;
		};
		BB0EFACE2A322615009DA542 /* Release */ = {
			isa = XCBuildConfiguration;
			buildSettings = {
				ASSETCATALOG_COMPILER_APPICON_NAME = AppIcon;
				ASSETCATALOG_COMPILER_GLOBAL_ACCENT_COLOR_NAME = AccentColor;
				CODE_SIGN_STYLE = Automatic;
				CURRENT_PROJECT_VERSION = 1;
				DEVELOPMENT_TEAM = UFS93RKF34;
				GENERATE_INFOPLIST_FILE = YES;
				INFOPLIST_FILE = "teste-case-labyrinth-game/Info.plist";
				INFOPLIST_KEY_UIApplicationSupportsIndirectInputEvents = YES;
				INFOPLIST_KEY_UILaunchStoryboardName = LaunchScreen;
				INFOPLIST_KEY_UISupportedInterfaceOrientations_iPad = "UIInterfaceOrientationPortrait UIInterfaceOrientationPortraitUpsideDown UIInterfaceOrientationLandscapeLeft UIInterfaceOrientationLandscapeRight";
				INFOPLIST_KEY_UISupportedInterfaceOrientations_iPhone = "UIInterfaceOrientationPortrait UIInterfaceOrientationLandscapeLeft UIInterfaceOrientationLandscapeRight";
				LD_RUNPATH_SEARCH_PATHS = (
					"$(inherited)",
					"@executable_path/Frameworks",
				);
				MARKETING_VERSION = 1.0;
				PRODUCT_BUNDLE_IDENTIFIER = "com.phsouza.teste-case-labyrinth-game";
				PRODUCT_NAME = "$(TARGET_NAME)";
				SWIFT_EMIT_LOC_STRINGS = YES;
				SWIFT_VERSION = 5.0;
				TARGETED_DEVICE_FAMILY = "1,2";
			};
			name = Release;
		};
/* End XCBuildConfiguration section */

/* Begin XCConfigurationList section */
		BB0EFA9D2A322614009DA542 /* Build configuration list for PBXProject "teste-case-labyrinth-game" */ = {
			isa = XCConfigurationList;
			buildConfigurations = (
				BB0EFACA2A322615009DA542 /* Debug */,
				BB0EFACB2A322615009DA542 /* Release */,
			);
			defaultConfigurationIsVisible = 0;
			defaultConfigurationName = Release;
		};
		BB0EFACC2A322615009DA542 /* Build configuration list for PBXNativeTarget "teste-case-labyrinth-game" */ = {
			isa = XCConfigurationList;
			buildConfigurations = (
				BB0EFACD2A322615009DA542 /* Debug */,
				BB0EFACE2A322615009DA542 /* Release */,
			);
			defaultConfigurationIsVisible = 0;
			defaultConfigurationName = Release;
		};
/* End XCConfigurationList section */
	};
	rootObject = BB0EFA9A2A322614009DA542 /* Project object */;
}
